// !$*UTF8*$!
{
	archiveVersion = 1;
	classes = {
	};
	objectVersion = 50;
	objects = {

/* Begin PBXBuildFile section */
		E21CDC13296D748C00597657 /* AppDelegate.swift in Sources */ = {isa = PBXBuildFile; fileRef = E21CDC12296D748C00597657 /* AppDelegate.swift */; };
		E21CDC15296D748C00597657 /* SceneDelegate.swift in Sources */ = {isa = PBXBuildFile; fileRef = E21CDC14296D748C00597657 /* SceneDelegate.swift */; };
		E21CDC17296D748C00597657 /* ViewController.swift in Sources */ = {isa = PBXBuildFile; fileRef = E21CDC16296D748C00597657 /* ViewController.swift */; };
		E21CDC1A296D748C00597657 /* Main.storyboard in Resources */ = {isa = PBXBuildFile; fileRef = E21CDC18296D748C00597657 /* Main.storyboard */; };
		E21CDC1C296D748E00597657 /* Assets.xcassets in Resources */ = {isa = PBXBuildFile; fileRef = E21CDC1B296D748E00597657 /* Assets.xcassets */; };
		E21CDC1F296D748E00597657 /* LaunchScreen.storyboard in Resources */ = {isa = PBXBuildFile; fileRef = E21CDC1D296D748E00597657 /* LaunchScreen.storyboard */; };
		E2446789296DA48B00260E98 /* TodoTableViewCell.swift in Sources */ = {isa = PBXBuildFile; fileRef = E2446788296DA48B00260E98 /* TodoTableViewCell.swift */; };
		E247CE3A297012B400DAC7BC /* Todo.swift in Sources */ = {isa = PBXBuildFile; fileRef = E247CE39297012B400DAC7BC /* Todo.swift */; };
		E248608E29707A240020EE03 /* DetailsViewController.swift in Sources */ = {isa = PBXBuildFile; fileRef = E248608D29707A240020EE03 /* DetailsViewController.swift */; };
		E248609129707AD90020EE03 /* AddViewController.swift in Sources */ = {isa = PBXBuildFile; fileRef = E248609029707AD90020EE03 /* AddViewController.swift */; };
/* End PBXBuildFile section */

/* Begin PBXFileReference section */
		E21CDC0F296D748C00597657 /* Projet_Final.app */ = {isa = PBXFileReference; explicitFileType = wrapper.application; includeInIndex = 0; path = Projet_Final.app; sourceTree = BUILT_PRODUCTS_DIR; };
		E21CDC12296D748C00597657 /* AppDelegate.swift */ = {isa = PBXFileReference; lastKnownFileType = sourcecode.swift; path = AppDelegate.swift; sourceTree = "<group>"; };
		E21CDC14296D748C00597657 /* SceneDelegate.swift */ = {isa = PBXFileReference; lastKnownFileType = sourcecode.swift; path = SceneDelegate.swift; sourceTree = "<group>"; };
		E21CDC16296D748C00597657 /* ViewController.swift */ = {isa = PBXFileReference; lastKnownFileType = sourcecode.swift; path = ViewController.swift; sourceTree = "<group>"; };
		E21CDC19296D748C00597657 /* Base */ = {isa = PBXFileReference; lastKnownFileType = file.storyboard; name = Base; path = Base.lproj/Main.storyboard; sourceTree = "<group>"; };
		E21CDC1B296D748E00597657 /* Assets.xcassets */ = {isa = PBXFileReference; lastKnownFileType = folder.assetcatalog; path = Assets.xcassets; sourceTree = "<group>"; };
		E21CDC1E296D748E00597657 /* Base */ = {isa = PBXFileReference; lastKnownFileType = file.storyboard; name = Base; path = Base.lproj/LaunchScreen.storyboard; sourceTree = "<group>"; };
		E21CDC20296D748E00597657 /* Info.plist */ = {isa = PBXFileReference; lastKnownFileType = text.plist.xml; path = Info.plist; sourceTree = "<group>"; };
		E2446788296DA48B00260E98 /* TodoTableViewCell.swift */ = {isa = PBXFileReference; lastKnownFileType = sourcecode.swift; path = TodoTableViewCell.swift; sourceTree = "<group>"; };
		E247CE39297012B400DAC7BC /* Todo.swift */ = {isa = PBXFileReference; lastKnownFileType = sourcecode.swift; path = Todo.swift; sourceTree = "<group>"; };
		E248608D29707A240020EE03 /* DetailsViewController.swift */ = {isa = PBXFileReference; lastKnownFileType = sourcecode.swift; path = DetailsViewController.swift; sourceTree = "<group>"; };
		E248609029707AD90020EE03 /* AddViewController.swift */ = {isa = PBXFileReference; lastKnownFileType = sourcecode.swift; path = AddViewController.swift; sourceTree = "<group>"; };
/* End PBXFileReference section */

/* Begin PBXFrameworksBuildPhase section */
		E21CDC0C296D748C00597657 /* Frameworks */ = {
			isa = PBXFrameworksBuildPhase;
			buildActionMask = 2147483647;
			files = (
			);
			runOnlyForDeploymentPostprocessing = 0;
		};
/* End PBXFrameworksBuildPhase section */

/* Begin PBXGroup section */
		E21CDC06296D748C00597657 = {
			isa = PBXGroup;
			children = (
				E21CDC11296D748C00597657 /* Projet_Final */,
				E21CDC10296D748C00597657 /* Products */,
			);
			sourceTree = "<group>";
		};
		E21CDC10296D748C00597657 /* Products */ = {
			isa = PBXGroup;
			children = (
				E21CDC0F296D748C00597657 /* Projet_Final.app */,
			);
			name = Products;
			sourceTree = "<group>";
		};
		E21CDC11296D748C00597657 /* Projet_Final */ = {
			isa = PBXGroup;
			children = (
				E21CDC12296D748C00597657 /* AppDelegate.swift */,
				E21CDC14296D748C00597657 /* SceneDelegate.swift */,
				E21CDC16296D748C00597657 /* ViewController.swift */,
				E247CE39297012B400DAC7BC /* Todo.swift */,
				E21CDC18296D748C00597657 /* Main.storyboard */,
				E248609029707AD90020EE03 /* AddViewController.swift */,
				E248608D29707A240020EE03 /* DetailsViewController.swift */,
				E2446788296DA48B00260E98 /* TodoTableViewCell.swift */,
				E21CDC1B296D748E00597657 /* Assets.xcassets */,
				E21CDC1D296D748E00597657 /* LaunchScreen.storyboard */,
				E21CDC20296D748E00597657 /* Info.plist */,
			);
			path = Projet_Final;
			sourceTree = "<group>";
		};
/* End PBXGroup section */

/* Begin PBXNativeTarget section */
		E21CDC0E296D748C00597657 /* Projet_Final */ = {
			isa = PBXNativeTarget;
			buildConfigurationList = E21CDC23296D748E00597657 /* Build configuration list for PBXNativeTarget "Projet_Final" */;
			buildPhases = (
				E21CDC0B296D748C00597657 /* Sources */,
				E21CDC0C296D748C00597657 /* Frameworks */,
				E21CDC0D296D748C00597657 /* Resources */,
			);
			buildRules = (
			);
			dependencies = (
			);
			name = Projet_Final;
			productName = Projet_Final;
			productReference = E21CDC0F296D748C00597657 /* Projet_Final.app */;
			productType = "com.apple.product-type.application";
		};
/* End PBXNativeTarget section */

/* Begin PBXProject section */
		E21CDC07296D748C00597657 /* Project object */ = {
			isa = PBXProject;
			attributes = {
				LastSwiftUpdateCheck = 1220;
				LastUpgradeCheck = 1220;
				TargetAttributes = {
					E21CDC0E296D748C00597657 = {
						CreatedOnToolsVersion = 12.2;
					};
				};
			};
			buildConfigurationList = E21CDC0A296D748C00597657 /* Build configuration list for PBXProject "Projet_Final" */;
			compatibilityVersion = "Xcode 9.3";
			developmentRegion = en;
			hasScannedForEncodings = 0;
			knownRegions = (
				en,
				Base,
			);
			mainGroup = E21CDC06296D748C00597657;
			productRefGroup = E21CDC10296D748C00597657 /* Products */;
			projectDirPath = "";
			projectRoot = "";
			targets = (
				E21CDC0E296D748C00597657 /* Projet_Final */,
			);
		};
/* End PBXProject section */

/* Begin PBXResourcesBuildPhase section */
		E21CDC0D296D748C00597657 /* Resources */ = {
			isa = PBXResourcesBuildPhase;
			buildActionMask = 2147483647;
			files = (
				E21CDC1F296D748E00597657 /* LaunchScreen.storyboard in Resources */,
				E21CDC1C296D748E00597657 /* Assets.xcassets in Resources */,
				E21CDC1A296D748C00597657 /* Main.storyboard in Resources */,
			);
			runOnlyForDeploymentPostprocessing = 0;
		};
/* End PBXResourcesBuildPhase section */

/* Begin PBXSourcesBuildPhase section */
		E21CDC0B296D748C00597657 /* Sources */ = {
			isa = PBXSourcesBuildPhase;
			buildActionMask = 2147483647;
			files = (
				E21CDC17296D748C00597657 /* ViewController.swift in Sources */,
				E21CDC13296D748C00597657 /* AppDelegate.swift in Sources */,
				E248609129707AD90020EE03 /* AddViewController.swift in Sources */,
				E21CDC15296D748C00597657 /* SceneDelegate.swift in Sources */,
				E2446789296DA48B00260E98 /* TodoTableViewCell.swift in Sources */,
				E247CE3A297012B400DAC7BC /* Todo.swift in Sources */,
				E248608E29707A240020EE03 /* DetailsViewController.swift in Sources */,
			);
			runOnlyForDeploymentPostprocessing = 0;
		};
/* End PBXSourcesBuildPhase section */

/* Begin PBXVariantGroup section */
		E21CDC18296D748C00597657 /* Main.storyboard */ = {
			isa = PBXVariantGroup;
			children = (
				E21CDC19296D748C00597657 /* Base */,
			);
			name = Main.storyboard;
			sourceTree = "<group>";
		};
		E21CDC1D296D748E00597657 /* LaunchScreen.storyboard */ = {
			isa = PBXVariantGroup;
			children = (
				E21CDC1E296D748E00597657 /* Base */,
			);
			name = LaunchScreen.storyboard;
			sourceTree = "<group>";
		};
/* End PBXVariantGroup section */

/* Begin XCBuildConfiguration section */
		E21CDC21296D748E00597657 /* Debug */ = {
			isa = XCBuildConfiguration;
			buildSettings = {
				ALWAYS_SEARCH_USER_PATHS = NO;
				CLANG_ANALYZER_NONNULL = YES;
				CLANG_ANALYZER_NUMBER_OBJECT_CONVERSION = YES_AGGRESSIVE;
				CLANG_CXX_LANGUAGE_STANDARD = "gnu++14";
				CLANG_CXX_LIBRARY = "libc++";
				CLANG_ENABLE_MODULES = YES;
				CLANG_ENABLE_OBJC_ARC = YES;
				CLANG_ENABLE_OBJC_WEAK = YES;
				CLANG_WARN_BLOCK_CAPTURE_AUTORELEASING = YES;
				CLANG_WARN_BOOL_CONVERSION = YES;
				CLANG_WARN_COMMA = YES;
				CLANG_WARN_CONSTANT_CONVERSION = YES;
				CLANG_WARN_DEPRECATED_OBJC_IMPLEMENTATIONS = YES;
				CLANG_WARN_DIRECT_OBJC_ISA_USAGE = YES_ERROR;
				CLANG_WARN_DOCUMENTATION_COMMENTS = YES;
				CLANG_WARN_EMPTY_BODY = YES;
				CLANG_WARN_ENUM_CONVERSION = YES;
				CLANG_WARN_INFINITE_RECURSION = YES;
				CLANG_WARN_INT_CONVERSION = YES;
				CLANG_WARN_NON_LITERAL_NULL_CONVERSION = YES;
				CLANG_WARN_OBJC_IMPLICIT_RETAIN_SELF = YES;
				CLANG_WARN_OBJC_LITERAL_CONVERSION = YES;
				CLANG_WARN_OBJC_ROOT_CLASS = YES_ERROR;
				CLANG_WARN_QUOTED_INCLUDE_IN_FRAMEWORK_HEADER = YES;
				CLANG_WARN_RANGE_LOOP_ANALYSIS = YES;
				CLANG_WARN_STRICT_PROTOTYPES = YES;
				CLANG_WARN_SUSPICIOUS_MOVE = YES;
				CLANG_WARN_UNGUARDED_AVAILABILITY = YES_AGGRESSIVE;
				CLANG_WARN_UNREACHABLE_CODE = YES;
				CLANG_WARN__DUPLICATE_METHOD_MATCH = YES;
				COPY_PHASE_STRIP = NO;
				DEBUG_INFORMATION_FORMAT = dwarf;
				ENABLE_STRICT_OBJC_MSGSEND = YES;
				ENABLE_TESTABILITY = YES;
				GCC_C_LANGUAGE_STANDARD = gnu11;
				GCC_DYNAMIC_NO_PIC = NO;
				GCC_NO_COMMON_BLOCKS = YES;
				GCC_OPTIMIZATION_LEVEL = 0;
				GCC_PREPROCESSOR_DEFINITIONS = (
					"DEBUG=1",
					"$(inherited)",
				);
				GCC_WARN_64_TO_32_BIT_CONVERSION = YES;
				GCC_WARN_ABOUT_RETURN_TYPE = YES_ERROR;
				GCC_WARN_UNDECLARED_SELECTOR = YES;
				GCC_WARN_UNINITIALIZED_AUTOS = YES_AGGRESSIVE;
				GCC_WARN_UNUSED_FUNCTION = YES;
				GCC_WARN_UNUSED_VARIABLE = YES;
				IPHONEOS_DEPLOYMENT_TARGET = 14.2;
				MTL_ENABLE_DEBUG_INFO = INCLUDE_SOURCE;
				MTL_FAST_MATH = YES;
				ONLY_ACTIVE_ARCH = YES;
				SDKROOT = iphoneos;
				SWIFT_ACTIVE_COMPILATION_CONDITIONS = DEBUG;
				SWIFT_OPTIMIZATION_LEVEL = "-Onone";
			};
			name = Debug;
		};
		E21CDC22296D748E00597657 /* Release */ = {
			isa = XCBuildConfiguration;
			buildSettings = {
				ALWAYS_SEARCH_USER_PATHS = NO;
				CLANG_ANALYZER_NONNULL = YES;
				CLANG_ANALYZER_NUMBER_OBJECT_CONVERSION = YES_AGGRESSIVE;
				CLANG_CXX_LANGUAGE_STANDARD = "gnu++14";
				CLANG_CXX_LIBRARY = "libc++";
				CLANG_ENABLE_MODULES = YES;
				CLANG_ENABLE_OBJC_ARC = YES;
				CLANG_ENABLE_OBJC_WEAK = YES;
				CLANG_WARN_BLOCK_CAPTURE_AUTORELEASING = YES;
				CLANG_WARN_BOOL_CONVERSION = YES;
				CLANG_WARN_COMMA = YES;
				CLANG_WARN_CONSTANT_CONVERSION = YES;
				CLANG_WARN_DEPRECATED_OBJC_IMPLEMENTATIONS = YES;
				CLANG_WARN_DIRECT_OBJC_ISA_USAGE = YES_ERROR;
				CLANG_WARN_DOCUMENTATION_COMMENTS = YES;
				CLANG_WARN_EMPTY_BODY = YES;
				CLANG_WARN_ENUM_CONVERSION = YES;
				CLANG_WARN_INFINITE_RECURSION = YES;
				CLANG_WARN_INT_CONVERSION = YES;
				CLANG_WARN_NON_LITERAL_NULL_CONVERSION = YES;
				CLANG_WARN_OBJC_IMPLICIT_RETAIN_SELF = YES;
				CLANG_WARN_OBJC_LITERAL_CONVERSION = YES;
				CLANG_WARN_OBJC_ROOT_CLASS = YES_ERROR;
				CLANG_WARN_QUOTED_INCLUDE_IN_FRAMEWORK_HEADER = YES;
				CLANG_WARN_RANGE_LOOP_ANALYSIS = YES;
				CLANG_WARN_STRICT_PROTOTYPES = YES;
				CLANG_WARN_SUSPICIOUS_MOVE = YES;
				CLANG_WARN_UNGUARDED_AVAILABILITY = YES_AGGRESSIVE;
				CLANG_WARN_UNREACHABLE_CODE = YES;
				CLANG_WARN__DUPLICATE_METHOD_MATCH = YES;
				COPY_PHASE_STRIP = NO;
				DEBUG_INFORMATION_FORMAT = "dwarf-with-dsym";
				ENABLE_NS_ASSERTIONS = NO;
				ENABLE_STRICT_OBJC_MSGSEND = YES;
				GCC_C_LANGUAGE_STANDARD = gnu11;
				GCC_NO_COMMON_BLOCKS = YES;
				GCC_WARN_64_TO_32_BIT_CONVERSION = YES;
				GCC_WARN_ABOUT_RETURN_TYPE = YES_ERROR;
				GCC_WARN_UNDECLARED_SELECTOR = YES;
				GCC_WARN_UNINITIALIZED_AUTOS = YES_AGGRESSIVE;
				GCC_WARN_UNUSED_FUNCTION = YES;
				GCC_WARN_UNUSED_VARIABLE = YES;
				IPHONEOS_DEPLOYMENT_TARGET = 14.2;
				MTL_ENABLE_DEBUG_INFO = NO;
				MTL_FAST_MATH = YES;
				SDKROOT = iphoneos;
				SWIFT_COMPILATION_MODE = wholemodule;
				SWIFT_OPTIMIZATION_LEVEL = "-O";
				VALIDATE_PRODUCT = YES;
			};
			name = Release;
		};
		E21CDC24296D748E00597657 /* Debug */ = {
			isa = XCBuildConfiguration;
			buildSettings = {
				ASSETCATALOG_COMPILER_APPICON_NAME = AppIcon;
				ASSETCATALOG_COMPILER_GLOBAL_ACCENT_COLOR_NAME = AccentColor;
				CODE_SIGN_STYLE = Automatic;
				INFOPLIST_FILE = Projet_Final/Info.plist;
				LD_RUNPATH_SEARCH_PATHS = (
					"$(inherited)",
					"@executable_path/Frameworks",
				);
				PRODUCT_BUNDLE_IDENTIFIER = "com.pacaud.Projet-Final";
				PRODUCT_NAME = "$(TARGET_NAME)";
				SWIFT_VERSION = 5.0;
				TARGETED_DEVICE_FAMILY = "1,2";
			};
			name = Debug;
		};
		E21CDC25296D748E00597657 /* Release */ = {
			isa = XCBuildConfiguration;
			buildSettings = {
				ASSETCATALOG_COMPILER_APPICON_NAME = AppIcon;
				ASSETCATALOG_COMPILER_GLOBAL_ACCENT_COLOR_NAME = AccentColor;
				CODE_SIGN_STYLE = Automatic;
				INFOPLIST_FILE = Projet_Final/Info.plist;
				LD_RUNPATH_SEARCH_PATHS = (
					"$(inherited)",
					"@executable_path/Frameworks",
				);
				PRODUCT_BUNDLE_IDENTIFIER = "com.pacaud.Projet-Final";
				PRODUCT_NAME = "$(TARGET_NAME)";
				SWIFT_VERSION = 5.0;
				TARGETED_DEVICE_FAMILY = "1,2";
			};
			name = Release;
		};
/* End XCBuildConfiguration section */

/* Begin XCConfigurationList section */
		E21CDC0A296D748C00597657 /* Build configuration list for PBXProject "Projet_Final" */ = {
			isa = XCConfigurationList;
			buildConfigurations = (
				E21CDC21296D748E00597657 /* Debug */,
				E21CDC22296D748E00597657 /* Release */,
			);
			defaultConfigurationIsVisible = 0;
			defaultConfigurationName = Release;
		};
		E21CDC23296D748E00597657 /* Build configuration list for PBXNativeTarget "Projet_Final" */ = {
			isa = XCConfigurationList;
			buildConfigurations = (
				E21CDC24296D748E00597657 /* Debug */,
				E21CDC25296D748E00597657 /* Release */,
			);
			defaultConfigurationIsVisible = 0;
			defaultConfigurationName = Release;
		};
/* End XCConfigurationList section */
	};
	rootObject = E21CDC07296D748C00597657 /* Project object */;
}
